
Microsoft Visual Studio Solution File, Format Version 12.00
# Visual Studio Version 16
VisualStudioVersion = 16.0.31005.135
MinimumVisualStudioVersion = 10.0.40219.1
Project("{FAE04EC0-301F-11D3-BF4B-00C04F79EFBC}") = "EsercizioAsyncAwait", "EsercizioAsyncAwait\EsercizioAsyncAwait.csproj", "{A91604CA-C330-4770-82BD-B3DB3D16B47A}"
EndProject
Global
	GlobalSection(SolutionConfigurationPlatforms) = preSolution
		Debug|Any CPU = Debug|Any CPU
		Release|Any CPU = Release|Any CPU
	EndGlobalSection
	GlobalSection(ProjectConfigurationPlatforms) = postSolution
		{A91604CA-C330-4770-82BD-B3DB3D16B47A}.Debug|Any CPU.ActiveCfg = Debug|Any CPU
		{A91604CA-C330-4770-82BD-B3DB3D16B47A}.Debug|Any CPU.Build.0 = Debug|Any CPU
		{A91604CA-C330-4770-82BD-B3DB3D16B47A}.Release|Any CPU.ActiveCfg = Release|Any CPU
		{A91604CA-C330-4770-82BD-B3DB3D16B47A}.Release|Any CPU.Build.0 = Release|Any CPU
	EndGlobalSection
	GlobalSection(SolutionProperties) = preSolution
		HideSolutionNode = FALSE
	EndGlobalSection
	GlobalSection(ExtensibilityGlobals) = postSolution
		SolutionGuid = {0E8F10FF-117D-44E2-B31D-5FA621AA75DD}
	EndGlobalSection
EndGlobal
